// !$*UTF8*$!
{
	archiveVersion = 1;
	classes = {
	};
	objectVersion = 56;
	objects = {

/* Begin PBXBuildFile section */
		AAE6C2142A3B65AD0036AAF8 /* GameOfLifeApp.swift in Sources */ = {isa = PBXBuildFile; fileRef = AAE6C2132A3B65AD0036AAF8 /* GameOfLifeApp.swift */; };
		AAE6C2162A3B65AD0036AAF8 /* ContentView.swift in Sources */ = {isa = PBXBuildFile; fileRef = AAE6C2152A3B65AD0036AAF8 /* ContentView.swift */; };
		AAE6C2182A3B65AE0036AAF8 /* Assets.xcassets in Resources */ = {isa = PBXBuildFile; fileRef = AAE6C2172A3B65AE0036AAF8 /* Assets.xcassets */; };
		AAE6C21B2A3B65AE0036AAF8 /* Preview Assets.xcassets in Resources */ = {isa = PBXBuildFile; fileRef = AAE6C21A2A3B65AE0036AAF8 /* Preview Assets.xcassets */; };
		AAE6C2242A3B65C30036AAF8 /* Cell.swift in Sources */ = {isa = PBXBuildFile; fileRef = AAE6C2222A3B65C20036AAF8 /* Cell.swift */; };
		AAE6C2252A3B65C30036AAF8 /* GridView.swift in Sources */ = {isa = PBXBuildFile; fileRef = AAE6C2232A3B65C30036AAF8 /* GridView.swift */; };
		AAE6C22D2A3BBA740036AAF8 /* CellTests.swift in Sources */ = {isa = PBXBuildFile; fileRef = AAE6C22C2A3BBA740036AAF8 /* CellTests.swift */; };
		AAE6C2332A3BBBCC0036AAF8 /* Cell.swift in Sources */ = {isa = PBXBuildFile; fileRef = AAE6C2222A3B65C20036AAF8 /* Cell.swift */; };
		AAE6C2352A3CDDDF0036AAF8 /* Cell2.swift in Sources */ = {isa = PBXBuildFile; fileRef = AAE6C2342A3CDDDF0036AAF8 /* Cell2.swift */; };
		AAE6C2372A3CEB590036AAF8 /* Cell2Tests.swift in Sources */ = {isa = PBXBuildFile; fileRef = AAE6C2362A3CEB590036AAF8 /* Cell2Tests.swift */; };
		AAE6C23A2A3D291D0036AAF8 /* Cell2.swift in Sources */ = {isa = PBXBuildFile; fileRef = AAE6C2342A3CDDDF0036AAF8 /* Cell2.swift */; };
/* End PBXBuildFile section */

/* Begin PBXContainerItemProxy section */
		AAE6C22E2A3BBA740036AAF8 /* PBXContainerItemProxy */ = {
			isa = PBXContainerItemProxy;
			containerPortal = AAE6C2082A3B65AD0036AAF8 /* Project object */;
			proxyType = 1;
			remoteGlobalIDString = AAE6C20F2A3B65AD0036AAF8;
			remoteInfo = GameOfLife;
		};
/* End PBXContainerItemProxy section */

/* Begin PBXFileReference section */
		AAE6C2102A3B65AD0036AAF8 /* GameOfLife.app */ = {isa = PBXFileReference; explicitFileType = wrapper.application; includeInIndex = 0; path = GameOfLife.app; sourceTree = BUILT_PRODUCTS_DIR; };
		AAE6C2132A3B65AD0036AAF8 /* GameOfLifeApp.swift */ = {isa = PBXFileReference; lastKnownFileType = sourcecode.swift; path = GameOfLifeApp.swift; sourceTree = "<group>"; };
		AAE6C2152A3B65AD0036AAF8 /* ContentView.swift */ = {isa = PBXFileReference; lastKnownFileType = sourcecode.swift; path = ContentView.swift; sourceTree = "<group>"; };
		AAE6C2172A3B65AE0036AAF8 /* Assets.xcassets */ = {isa = PBXFileReference; lastKnownFileType = folder.assetcatalog; path = Assets.xcassets; sourceTree = "<group>"; };
		AAE6C21A2A3B65AE0036AAF8 /* Preview Assets.xcassets */ = {isa = PBXFileReference; lastKnownFileType = folder.assetcatalog; path = "Preview Assets.xcassets"; sourceTree = "<group>"; };
		AAE6C21C2A3B65AE0036AAF8 /* GameOfLife.entitlements */ = {isa = PBXFileReference; lastKnownFileType = text.plist.entitlements; path = GameOfLife.entitlements; sourceTree = "<group>"; };
		AAE6C2222A3B65C20036AAF8 /* Cell.swift */ = {isa = PBXFileReference; fileEncoding = 4; lastKnownFileType = sourcecode.swift; path = Cell.swift; sourceTree = "<group>"; };
		AAE6C2232A3B65C30036AAF8 /* GridView.swift */ = {isa = PBXFileReference; fileEncoding = 4; lastKnownFileType = sourcecode.swift; path = GridView.swift; sourceTree = "<group>"; };
		AAE6C22A2A3BBA740036AAF8 /* GameOfLifeTests.xctest */ = {isa = PBXFileReference; explicitFileType = wrapper.cfbundle; includeInIndex = 0; path = GameOfLifeTests.xctest; sourceTree = BUILT_PRODUCTS_DIR; };
		AAE6C22C2A3BBA740036AAF8 /* CellTests.swift */ = {isa = PBXFileReference; lastKnownFileType = sourcecode.swift; path = CellTests.swift; sourceTree = "<group>"; };
		AAE6C2342A3CDDDF0036AAF8 /* Cell2.swift */ = {isa = PBXFileReference; lastKnownFileType = sourcecode.swift; path = Cell2.swift; sourceTree = "<group>"; };
		AAE6C2362A3CEB590036AAF8 /* Cell2Tests.swift */ = {isa = PBXFileReference; lastKnownFileType = sourcecode.swift; path = Cell2Tests.swift; sourceTree = "<group>"; };
/* End PBXFileReference section */

/* Begin PBXFrameworksBuildPhase section */
		AAE6C20D2A3B65AD0036AAF8 /* Frameworks */ = {
			isa = PBXFrameworksBuildPhase;
			buildActionMask = 2147483647;
			files = (
			);
			runOnlyForDeploymentPostprocessing = 0;
		};
		AAE6C2272A3BBA740036AAF8 /* Frameworks */ = {
			isa = PBXFrameworksBuildPhase;
			buildActionMask = 2147483647;
			files = (
			);
			runOnlyForDeploymentPostprocessing = 0;
		};
/* End PBXFrameworksBuildPhase section */

/* Begin PBXGroup section */
		AAE6C2072A3B65AD0036AAF8 = {
			isa = PBXGroup;
			children = (
				AAE6C2122A3B65AD0036AAF8 /* GameOfLife */,
				AAE6C22B2A3BBA740036AAF8 /* GameOfLifeTests */,
				AAE6C2112A3B65AD0036AAF8 /* Products */,
			);
			sourceTree = "<group>";
		};
		AAE6C2112A3B65AD0036AAF8 /* Products */ = {
			isa = PBXGroup;
			children = (
				AAE6C2102A3B65AD0036AAF8 /* GameOfLife.app */,
				AAE6C22A2A3BBA740036AAF8 /* GameOfLifeTests.xctest */,
			);
			name = Products;
			sourceTree = "<group>";
		};
		AAE6C2122A3B65AD0036AAF8 /* GameOfLife */ = {
			isa = PBXGroup;
			children = (
				AAE6C2342A3CDDDF0036AAF8 /* Cell2.swift */,
				AAE6C2222A3B65C20036AAF8 /* Cell.swift */,
				AAE6C2232A3B65C30036AAF8 /* GridView.swift */,
				AAE6C2132A3B65AD0036AAF8 /* GameOfLifeApp.swift */,
				AAE6C2152A3B65AD0036AAF8 /* ContentView.swift */,
				AAE6C2172A3B65AE0036AAF8 /* Assets.xcassets */,
				AAE6C21C2A3B65AE0036AAF8 /* GameOfLife.entitlements */,
				AAE6C2192A3B65AE0036AAF8 /* Preview Content */,
			);
			path = GameOfLife;
			sourceTree = "<group>";
		};
		AAE6C2192A3B65AE0036AAF8 /* Preview Content */ = {
			isa = PBXGroup;
			children = (
				AAE6C21A2A3B65AE0036AAF8 /* Preview Assets.xcassets */,
			);
			path = "Preview Content";
			sourceTree = "<group>";
		};
		AAE6C22B2A3BBA740036AAF8 /* GameOfLifeTests */ = {
			isa = PBXGroup;
			children = (
				AAE6C22C2A3BBA740036AAF8 /* CellTests.swift */,
				AAE6C2362A3CEB590036AAF8 /* Cell2Tests.swift */,
			);
			path = GameOfLifeTests;
			sourceTree = "<group>";
		};
/* End PBXGroup section */

/* Begin PBXNativeTarget section */
		AAE6C20F2A3B65AD0036AAF8 /* GameOfLife */ = {
			isa = PBXNativeTarget;
			buildConfigurationList = AAE6C21F2A3B65AE0036AAF8 /* Build configuration list for PBXNativeTarget "GameOfLife" */;
			buildPhases = (
				AAE6C20C2A3B65AD0036AAF8 /* Sources */,
				AAE6C20D2A3B65AD0036AAF8 /* Frameworks */,
				AAE6C20E2A3B65AD0036AAF8 /* Resources */,
			);
			buildRules = (
			);
			dependencies = (
			);
			name = GameOfLife;
			productName = GameOfLife;
			productReference = AAE6C2102A3B65AD0036AAF8 /* GameOfLife.app */;
			productType = "com.apple.product-type.application";
		};
		AAE6C2292A3BBA740036AAF8 /* GameOfLifeTests */ = {
			isa = PBXNativeTarget;
			buildConfigurationList = AAE6C2322A3BBA740036AAF8 /* Build configuration list for PBXNativeTarget "GameOfLifeTests" */;
			buildPhases = (
				AAE6C2262A3BBA740036AAF8 /* Sources */,
				AAE6C2272A3BBA740036AAF8 /* Frameworks */,
				AAE6C2282A3BBA740036AAF8 /* Resources */,
			);
			buildRules = (
			);
			dependencies = (
				AAE6C22F2A3BBA740036AAF8 /* PBXTargetDependency */,
			);
			name = GameOfLifeTests;
			productName = GameOfLifeTests;
			productReference = AAE6C22A2A3BBA740036AAF8 /* GameOfLifeTests.xctest */;
			productType = "com.apple.product-type.bundle.unit-test";
		};
/* End PBXNativeTarget section */

/* Begin PBXProject section */
		AAE6C2082A3B65AD0036AAF8 /* Project object */ = {
			isa = PBXProject;
			attributes = {
				BuildIndependentTargetsInParallel = 1;
				LastSwiftUpdateCheck = 1430;
				LastUpgradeCheck = 1430;
				TargetAttributes = {
					AAE6C20F2A3B65AD0036AAF8 = {
						CreatedOnToolsVersion = 14.3.1;
					};
					AAE6C2292A3BBA740036AAF8 = {
						CreatedOnToolsVersion = 14.3.1;
						TestTargetID = AAE6C20F2A3B65AD0036AAF8;
					};
				};
			};
			buildConfigurationList = AAE6C20B2A3B65AD0036AAF8 /* Build configuration list for PBXProject "GameOfLife" */;
			compatibilityVersion = "Xcode 14.0";
			developmentRegion = en;
			hasScannedForEncodings = 0;
			knownRegions = (
				en,
				Base,
			);
			mainGroup = AAE6C2072A3B65AD0036AAF8;
			productRefGroup = AAE6C2112A3B65AD0036AAF8 /* Products */;
			projectDirPath = "";
			projectRoot = "";
			targets = (
				AAE6C20F2A3B65AD0036AAF8 /* GameOfLife */,
				AAE6C2292A3BBA740036AAF8 /* GameOfLifeTests */,
			);
		};
/* End PBXProject section */

/* Begin PBXResourcesBuildPhase section */
		AAE6C20E2A3B65AD0036AAF8 /* Resources */ = {
			isa = PBXResourcesBuildPhase;
			buildActionMask = 2147483647;
			files = (
				AAE6C21B2A3B65AE0036AAF8 /* Preview Assets.xcassets in Resources */,
				AAE6C2182A3B65AE0036AAF8 /* Assets.xcassets in Resources */,
			);
			runOnlyForDeploymentPostprocessing = 0;
		};
		AAE6C2282A3BBA740036AAF8 /* Resources */ = {
			isa = PBXResourcesBuildPhase;
			buildActionMask = 2147483647;
			files = (
			);
			runOnlyForDeploymentPostprocessing = 0;
		};
/* End PBXResourcesBuildPhase section */

/* Begin PBXSourcesBuildPhase section */
		AAE6C20C2A3B65AD0036AAF8 /* Sources */ = {
			isa = PBXSourcesBuildPhase;
			buildActionMask = 2147483647;
			files = (
				AAE6C2162A3B65AD0036AAF8 /* ContentView.swift in Sources */,
				AAE6C2352A3CDDDF0036AAF8 /* Cell2.swift in Sources */,
				AAE6C2142A3B65AD0036AAF8 /* GameOfLifeApp.swift in Sources */,
				AAE6C2252A3B65C30036AAF8 /* GridView.swift in Sources */,
				AAE6C2242A3B65C30036AAF8 /* Cell.swift in Sources */,
			);
			runOnlyForDeploymentPostprocessing = 0;
		};
		AAE6C2262A3BBA740036AAF8 /* Sources */ = {
			isa = PBXSourcesBuildPhase;
			buildActionMask = 2147483647;
			files = (
				AAE6C23A2A3D291D0036AAF8 /* Cell2.swift in Sources */,
				AAE6C2372A3CEB590036AAF8 /* Cell2Tests.swift in Sources */,
				AAE6C22D2A3BBA740036AAF8 /* CellTests.swift in Sources */,
				AAE6C2332A3BBBCC0036AAF8 /* Cell.swift in Sources */,
			);
			runOnlyForDeploymentPostprocessing = 0;
		};
/* End PBXSourcesBuildPhase section */

/* Begin PBXTargetDependency section */
		AAE6C22F2A3BBA740036AAF8 /* PBXTargetDependency */ = {
			isa = PBXTargetDependency;
			target = AAE6C20F2A3B65AD0036AAF8 /* GameOfLife */;
			targetProxy = AAE6C22E2A3BBA740036AAF8 /* PBXContainerItemProxy */;
		};
/* End PBXTargetDependency section */

/* Begin XCBuildConfiguration section */
		AAE6C21D2A3B65AE0036AAF8 /* Debug */ = {
			isa = XCBuildConfiguration;
			buildSettings = {
				ALWAYS_SEARCH_USER_PATHS = NO;
				CLANG_ANALYZER_NONNULL = YES;
				CLANG_ANALYZER_NUMBER_OBJECT_CONVERSION = YES_AGGRESSIVE;
				CLANG_CXX_LANGUAGE_STANDARD = "gnu++20";
				CLANG_ENABLE_MODULES = YES;
				CLANG_ENABLE_OBJC_ARC = YES;
				CLANG_ENABLE_OBJC_WEAK = YES;
				CLANG_WARN_BLOCK_CAPTURE_AUTORELEASING = YES;
				CLANG_WARN_BOOL_CONVERSION = YES;
				CLANG_WARN_COMMA = YES;
				CLANG_WARN_CONSTANT_CONVERSION = YES;
				CLANG_WARN_DEPRECATED_OBJC_IMPLEMENTATIONS = YES;
				CLANG_WARN_DIRECT_OBJC_ISA_USAGE = YES_ERROR;
				CLANG_WARN_DOCUMENTATION_COMMENTS = YES;
				CLANG_WARN_EMPTY_BODY = YES;
				CLANG_WARN_ENUM_CONVERSION = YES;
				CLANG_WARN_INFINITE_RECURSION = YES;
				CLANG_WARN_INT_CONVERSION = YES;
				CLANG_WARN_NON_LITERAL_NULL_CONVERSION = YES;
				CLANG_WARN_OBJC_IMPLICIT_RETAIN_SELF = YES;
				CLANG_WARN_OBJC_LITERAL_CONVERSION = YES;
				CLANG_WARN_OBJC_ROOT_CLASS = YES_ERROR;
				CLANG_WARN_QUOTED_INCLUDE_IN_FRAMEWORK_HEADER = YES;
				CLANG_WARN_RANGE_LOOP_ANALYSIS = YES;
				CLANG_WARN_STRICT_PROTOTYPES = YES;
				CLANG_WARN_SUSPICIOUS_MOVE = YES;
				CLANG_WARN_UNGUARDED_AVAILABILITY = YES_AGGRESSIVE;
				CLANG_WARN_UNREACHABLE_CODE = YES;
				CLANG_WARN__DUPLICATE_METHOD_MATCH = YES;
				COPY_PHASE_STRIP = NO;
				DEBUG_INFORMATION_FORMAT = dwarf;
				ENABLE_STRICT_OBJC_MSGSEND = YES;
				ENABLE_TESTABILITY = YES;
				GCC_C_LANGUAGE_STANDARD = gnu11;
				GCC_DYNAMIC_NO_PIC = NO;
				GCC_NO_COMMON_BLOCKS = YES;
				GCC_OPTIMIZATION_LEVEL = 0;
				GCC_PREPROCESSOR_DEFINITIONS = (
					"DEBUG=1",
					"$(inherited)",
				);
				GCC_WARN_64_TO_32_BIT_CONVERSION = YES;
				GCC_WARN_ABOUT_RETURN_TYPE = YES_ERROR;
				GCC_WARN_UNDECLARED_SELECTOR = YES;
				GCC_WARN_UNINITIALIZED_AUTOS = YES_AGGRESSIVE;
				GCC_WARN_UNUSED_FUNCTION = YES;
				GCC_WARN_UNUSED_VARIABLE = YES;
				MACOSX_DEPLOYMENT_TARGET = 13.3;
				MTL_ENABLE_DEBUG_INFO = INCLUDE_SOURCE;
				MTL_FAST_MATH = YES;
				ONLY_ACTIVE_ARCH = YES;
				SDKROOT = macosx;
				SWIFT_ACTIVE_COMPILATION_CONDITIONS = DEBUG;
				SWIFT_OPTIMIZATION_LEVEL = "-Onone";
			};
			name = Debug;
		};
		AAE6C21E2A3B65AE0036AAF8 /* Release */ = {
			isa = XCBuildConfiguration;
			buildSettings = {
				ALWAYS_SEARCH_USER_PATHS = NO;
				CLANG_ANALYZER_NONNULL = YES;
				CLANG_ANALYZER_NUMBER_OBJECT_CONVERSION = YES_AGGRESSIVE;
				CLANG_CXX_LANGUAGE_STANDARD = "gnu++20";
				CLANG_ENABLE_MODULES = YES;
				CLANG_ENABLE_OBJC_ARC = YES;
				CLANG_ENABLE_OBJC_WEAK = YES;
				CLANG_WARN_BLOCK_CAPTURE_AUTORELEASING = YES;
				CLANG_WARN_BOOL_CONVERSION = YES;
				CLANG_WARN_COMMA = YES;
				CLANG_WARN_CONSTANT_CONVERSION = YES;
				CLANG_WARN_DEPRECATED_OBJC_IMPLEMENTATIONS = YES;
				CLANG_WARN_DIRECT_OBJC_ISA_USAGE = YES_ERROR;
				CLANG_WARN_DOCUMENTATION_COMMENTS = YES;
				CLANG_WARN_EMPTY_BODY = YES;
				CLANG_WARN_ENUM_CONVERSION = YES;
				CLANG_WARN_INFINITE_RECURSION = YES;
				CLANG_WARN_INT_CONVERSION = YES;
				CLANG_WARN_NON_LITERAL_NULL_CONVERSION = YES;
				CLANG_WARN_OBJC_IMPLICIT_RETAIN_SELF = YES;
				CLANG_WARN_OBJC_LITERAL_CONVERSION = YES;
				CLANG_WARN_OBJC_ROOT_CLASS = YES_ERROR;
				CLANG_WARN_QUOTED_INCLUDE_IN_FRAMEWORK_HEADER = YES;
				CLANG_WARN_RANGE_LOOP_ANALYSIS = YES;
				CLANG_WARN_STRICT_PROTOTYPES = YES;
				CLANG_WARN_SUSPICIOUS_MOVE = YES;
				CLANG_WARN_UNGUARDED_AVAILABILITY = YES_AGGRESSIVE;
				CLANG_WARN_UNREACHABLE_CODE = YES;
				CLANG_WARN__DUPLICATE_METHOD_MATCH = YES;
				COPY_PHASE_STRIP = NO;
				DEBUG_INFORMATION_FORMAT = "dwarf-with-dsym";
				ENABLE_NS_ASSERTIONS = NO;
				ENABLE_STRICT_OBJC_MSGSEND = YES;
				GCC_C_LANGUAGE_STANDARD = gnu11;
				GCC_NO_COMMON_BLOCKS = YES;
				GCC_WARN_64_TO_32_BIT_CONVERSION = YES;
				GCC_WARN_ABOUT_RETURN_TYPE = YES_ERROR;
				GCC_WARN_UNDECLARED_SELECTOR = YES;
				GCC_WARN_UNINITIALIZED_AUTOS = YES_AGGRESSIVE;
				GCC_WARN_UNUSED_FUNCTION = YES;
				GCC_WARN_UNUSED_VARIABLE = YES;
				MACOSX_DEPLOYMENT_TARGET = 13.3;
				MTL_ENABLE_DEBUG_INFO = NO;
				MTL_FAST_MATH = YES;
				SDKROOT = macosx;
				SWIFT_COMPILATION_MODE = wholemodule;
				SWIFT_OPTIMIZATION_LEVEL = "-O";
			};
			name = Release;
		};
		AAE6C2202A3B65AE0036AAF8 /* Debug */ = {
			isa = XCBuildConfiguration;
			buildSettings = {
				ASSETCATALOG_COMPILER_APPICON_NAME = AppIcon;
				ASSETCATALOG_COMPILER_GLOBAL_ACCENT_COLOR_NAME = AccentColor;
				CODE_SIGN_ENTITLEMENTS = GameOfLife/GameOfLife.entitlements;
				CODE_SIGN_IDENTITY = "Apple Development";
				"CODE_SIGN_IDENTITY[sdk=macosx*]" = "-";
				CODE_SIGN_STYLE = Manual;
				COMBINE_HIDPI_IMAGES = YES;
				CURRENT_PROJECT_VERSION = 1;
				DEVELOPMENT_ASSET_PATHS = "\"GameOfLife/Preview Content\"";
				DEVELOPMENT_TEAM = "";
				ENABLE_PREVIEWS = YES;
				GENERATE_INFOPLIST_FILE = YES;
				INFOPLIST_KEY_NSHumanReadableCopyright = "";
				LD_RUNPATH_SEARCH_PATHS = (
					"$(inherited)",
					"@executable_path/../Frameworks",
				);
				MARKETING_VERSION = 1.0;
				PRODUCT_BUNDLE_IDENTIFIER = app.GameOfLife;
				PRODUCT_NAME = "$(TARGET_NAME)";
				PROVISIONING_PROFILE_SPECIFIER = "";
				SWIFT_EMIT_LOC_STRINGS = YES;
				SWIFT_VERSION = 5.0;
			};
			name = Debug;
		};
		AAE6C2212A3B65AE0036AAF8 /* Release */ = {
			isa = XCBuildConfiguration;
			buildSettings = {
				ASSETCATALOG_COMPILER_APPICON_NAME = AppIcon;
				ASSETCATALOG_COMPILER_GLOBAL_ACCENT_COLOR_NAME = AccentColor;
				CODE_SIGN_ENTITLEMENTS = GameOfLife/GameOfLife.entitlements;
				CODE_SIGN_IDENTITY = "Apple Development";
				"CODE_SIGN_IDENTITY[sdk=macosx*]" = "-";
				CODE_SIGN_STYLE = Manual;
				COMBINE_HIDPI_IMAGES = YES;
				CURRENT_PROJECT_VERSION = 1;
				DEVELOPMENT_ASSET_PATHS = "\"GameOfLife/Preview Content\"";
				DEVELOPMENT_TEAM = "";
				ENABLE_PREVIEWS = YES;
				GENERATE_INFOPLIST_FILE = YES;
				INFOPLIST_KEY_NSHumanReadableCopyright = "";
				LD_RUNPATH_SEARCH_PATHS = (
					"$(inherited)",
					"@executable_path/../Frameworks",
				);
				MARKETING_VERSION = 1.0;
				PRODUCT_BUNDLE_IDENTIFIER = app.GameOfLife;
				PRODUCT_NAME = "$(TARGET_NAME)";
				PROVISIONING_PROFILE_SPECIFIER = "";
				SWIFT_EMIT_LOC_STRINGS = YES;
				SWIFT_VERSION = 5.0;
			};
			name = Release;
		};
		AAE6C2302A3BBA740036AAF8 /* Debug */ = {
			isa = XCBuildConfiguration;
			buildSettings = {
				BUNDLE_LOADER = "$(TEST_HOST)";
				CODE_SIGN_STYLE = Automatic;
				CURRENT_PROJECT_VERSION = 1;
				GENERATE_INFOPLIST_FILE = YES;
				MARKETING_VERSION = 1.0;
				PRODUCT_BUNDLE_IDENTIFIER = elvis.GameOfLifeTests;
				PRODUCT_NAME = "$(TARGET_NAME)";
				SWIFT_EMIT_LOC_STRINGS = NO;
				SWIFT_VERSION = 5.0;
				TEST_HOST = "$(BUILT_PRODUCTS_DIR)/GameOfLife.app/$(BUNDLE_EXECUTABLE_FOLDER_PATH)/GameOfLife";
			};
			name = Debug;
		};
		AAE6C2312A3BBA740036AAF8 /* Release */ = {
			isa = XCBuildConfiguration;
			buildSettings = {
				BUNDLE_LOADER = "$(TEST_HOST)";
				CODE_SIGN_STYLE = Automatic;
				CURRENT_PROJECT_VERSION = 1;
				GENERATE_INFOPLIST_FILE = YES;
				MARKETING_VERSION = 1.0;
				PRODUCT_BUNDLE_IDENTIFIER = elvis.GameOfLifeTests;
				PRODUCT_NAME = "$(TARGET_NAME)";
				SWIFT_EMIT_LOC_STRINGS = NO;
				SWIFT_VERSION = 5.0;
				TEST_HOST = "$(BUILT_PRODUCTS_DIR)/GameOfLife.app/$(BUNDLE_EXECUTABLE_FOLDER_PATH)/GameOfLife";
			};
			name = Release;
		};
/* End XCBuildConfiguration section */

/* Begin XCConfigurationList section */
		AAE6C20B2A3B65AD0036AAF8 /* Build configuration list for PBXProject "GameOfLife" */ = {
			isa = XCConfigurationList;
			buildConfigurations = (
				AAE6C21D2A3B65AE0036AAF8 /* Debug */,
				AAE6C21E2A3B65AE0036AAF8 /* Release */,
			);
			defaultConfigurationIsVisible = 0;
			defaultConfigurationName = Release;
		};
		AAE6C21F2A3B65AE0036AAF8 /* Build configuration list for PBXNativeTarget "GameOfLife" */ = {
			isa = XCConfigurationList;
			buildConfigurations = (
				AAE6C2202A3B65AE0036AAF8 /* Debug */,
				AAE6C2212A3B65AE0036AAF8 /* Release */,
			);
			defaultConfigurationIsVisible = 0;
			defaultConfigurationName = Release;
		};
		AAE6C2322A3BBA740036AAF8 /* Build configuration list for PBXNativeTarget "GameOfLifeTests" */ = {
			isa = XCConfigurationList;
			buildConfigurations = (
				AAE6C2302A3BBA740036AAF8 /* Debug */,
				AAE6C2312A3BBA740036AAF8 /* Release */,
			);
			defaultConfigurationIsVisible = 0;
			defaultConfigurationName = Release;
		};
/* End XCConfigurationList section */
	};
	rootObject = AAE6C2082A3B65AD0036AAF8 /* Project object */;
}
